
Microsoft Visual Studio Solution File, Format Version 12.00
# Visual Studio 15
VisualStudioVersion = 15.0.26124.0
MinimumVisualStudioVersion = 15.0.26124.0
Project("{2150E333-8FDC-42A3-9474-1A3956D46DE8}") = "src", "src", "{4CFC7DCC-2AE4-4F8A-8A6F-292098226184}"
EndProject
Project("{FAE04EC0-301F-11D3-BF4B-00C04F79EFBC}") = "MasterClass.WebApi", "src\MasterClass.WebApi\MasterClass.WebApi.csproj", "{6415E0C2-CA93-4665-8715-2029B66CCD10}"
EndProject
Project("{FAE04EC0-301F-11D3-BF4B-00C04F79EFBC}") = "MasterClass.Core", "src\MasterClass.Core\MasterClass.Core.csproj", "{52553417-5F71-45C0-B766-387D21DC5D23}"
EndProject
Project("{FAE04EC0-301F-11D3-BF4B-00C04F79EFBC}") = "MasterClass.Repository", "src\MasterClass.Repository\MasterClass.Repository.csproj", "{7EA01E66-8BF3-4E7F-9A7D-EA680B193A75}"
EndProject
Project("{FAE04EC0-301F-11D3-BF4B-00C04F79EFBC}") = "MasterClass.Business", "src\MasterClass.Business\MasterClass.Business.csproj", "{ECAF5833-7D4B-4171-9C38-4EEB6CE16D7C}"
EndProject
Project("{FAE04EC0-301F-11D3-BF4B-00C04F79EFBC}") = "MasterClass.Service", "src\MasterClass.Service\MasterClass.Service.csproj", "{E587682B-E843-44CC-ACDB-DBBE674E1A7C}"
EndProject
Global
	GlobalSection(SolutionConfigurationPlatforms) = preSolution
		Debug|Any CPU = Debug|Any CPU
		Debug|x64 = Debug|x64
		Debug|x86 = Debug|x86
		Release|Any CPU = Release|Any CPU
		Release|x64 = Release|x64
		Release|x86 = Release|x86
	EndGlobalSection
	GlobalSection(SolutionProperties) = preSolution
		HideSolutionNode = FALSE
	EndGlobalSection
	GlobalSection(ProjectConfigurationPlatforms) = postSolution
		{6415E0C2-CA93-4665-8715-2029B66CCD10}.Debug|Any CPU.ActiveCfg = Debug|Any CPU
		{6415E0C2-CA93-4665-8715-2029B66CCD10}.Debug|Any CPU.Build.0 = Debug|Any CPU
		{6415E0C2-CA93-4665-8715-2029B66CCD10}.Debug|x64.ActiveCfg = Debug|Any CPU
		{6415E0C2-CA93-4665-8715-2029B66CCD10}.Debug|x64.Build.0 = Debug|Any CPU
		{6415E0C2-CA93-4665-8715-2029B66CCD10}.Debug|x86.ActiveCfg = Debug|Any CPU
		{6415E0C2-CA93-4665-8715-2029B66CCD10}.Debug|x86.Build.0 = Debug|Any CPU
		{6415E0C2-CA93-4665-8715-2029B66CCD10}.Release|Any CPU.ActiveCfg = Release|Any CPU
		{6415E0C2-CA93-4665-8715-2029B66CCD10}.Release|Any CPU.Build.0 = Release|Any CPU
		{6415E0C2-CA93-4665-8715-2029B66CCD10}.Release|x64.ActiveCfg = Release|Any CPU
		{6415E0C2-CA93-4665-8715-2029B66CCD10}.Release|x64.Build.0 = Release|Any CPU
		{6415E0C2-CA93-4665-8715-2029B66CCD10}.Release|x86.ActiveCfg = Release|Any CPU
		{6415E0C2-CA93-4665-8715-2029B66CCD10}.Release|x86.Build.0 = Release|Any CPU
		{52553417-5F71-45C0-B766-387D21DC5D23}.Debug|Any CPU.ActiveCfg = Debug|Any CPU
		{52553417-5F71-45C0-B766-387D21DC5D23}.Debug|Any CPU.Build.0 = Debug|Any CPU
		{52553417-5F71-45C0-B766-387D21DC5D23}.Debug|x64.ActiveCfg = Debug|Any CPU
		{52553417-5F71-45C0-B766-387D21DC5D23}.Debug|x64.Build.0 = Debug|Any CPU
		{52553417-5F71-45C0-B766-387D21DC5D23}.Debug|x86.ActiveCfg = Debug|Any CPU
		{52553417-5F71-45C0-B766-387D21DC5D23}.Debug|x86.Build.0 = Debug|Any CPU
		{52553417-5F71-45C0-B766-387D21DC5D23}.Release|Any CPU.ActiveCfg = Release|Any CPU
		{52553417-5F71-45C0-B766-387D21DC5D23}.Release|Any CPU.Build.0 = Release|Any CPU
		{52553417-5F71-45C0-B766-387D21DC5D23}.Release|x64.ActiveCfg = Release|Any CPU
		{52553417-5F71-45C0-B766-387D21DC5D23}.Release|x64.Build.0 = Release|Any CPU
		{52553417-5F71-45C0-B766-387D21DC5D23}.Release|x86.ActiveCfg = Release|Any CPU
		{52553417-5F71-45C0-B766-387D21DC5D23}.Release|x86.Build.0 = Release|Any CPU
		{7EA01E66-8BF3-4E7F-9A7D-EA680B193A75}.Debug|Any CPU.ActiveCfg = Debug|Any CPU
		{7EA01E66-8BF3-4E7F-9A7D-EA680B193A75}.Debug|Any CPU.Build.0 = Debug|Any CPU
		{7EA01E66-8BF3-4E7F-9A7D-EA680B193A75}.Debug|x64.ActiveCfg = Debug|Any CPU
		{7EA01E66-8BF3-4E7F-9A7D-EA680B193A75}.Debug|x64.Build.0 = Debug|Any CPU
		{7EA01E66-8BF3-4E7F-9A7D-EA680B193A75}.Debug|x86.ActiveCfg = Debug|Any CPU
		{7EA01E66-8BF3-4E7F-9A7D-EA680B193A75}.Debug|x86.Build.0 = Debug|Any CPU
		{7EA01E66-8BF3-4E7F-9A7D-EA680B193A75}.Release|Any CPU.ActiveCfg = Release|Any CPU
		{7EA01E66-8BF3-4E7F-9A7D-EA680B193A75}.Release|Any CPU.Build.0 = Release|Any CPU
		{7EA01E66-8BF3-4E7F-9A7D-EA680B193A75}.Release|x64.ActiveCfg = Release|Any CPU
		{7EA01E66-8BF3-4E7F-9A7D-EA680B193A75}.Release|x64.Build.0 = Release|Any CPU
		{7EA01E66-8BF3-4E7F-9A7D-EA680B193A75}.Release|x86.ActiveCfg = Release|Any CPU
		{7EA01E66-8BF3-4E7F-9A7D-EA680B193A75}.Release|x86.Build.0 = Release|Any CPU
		{ECAF5833-7D4B-4171-9C38-4EEB6CE16D7C}.Debug|Any CPU.ActiveCfg = Debug|Any CPU
		{ECAF5833-7D4B-4171-9C38-4EEB6CE16D7C}.Debug|Any CPU.Build.0 = Debug|Any CPU
		{ECAF5833-7D4B-4171-9C38-4EEB6CE16D7C}.Debug|x64.ActiveCfg = Debug|Any CPU
		{ECAF5833-7D4B-4171-9C38-4EEB6CE16D7C}.Debug|x64.Build.0 = Debug|Any CPU
		{ECAF5833-7D4B-4171-9C38-4EEB6CE16D7C}.Debug|x86.ActiveCfg = Debug|Any CPU
		{ECAF5833-7D4B-4171-9C38-4EEB6CE16D7C}.Debug|x86.Build.0 = Debug|Any CPU
		{ECAF5833-7D4B-4171-9C38-4EEB6CE16D7C}.Release|Any CPU.ActiveCfg = Release|Any CPU
		{ECAF5833-7D4B-4171-9C38-4EEB6CE16D7C}.Release|Any CPU.Build.0 = Release|Any CPU
		{ECAF5833-7D4B-4171-9C38-4EEB6CE16D7C}.Release|x64.ActiveCfg = Release|Any CPU
		{ECAF5833-7D4B-4171-9C38-4EEB6CE16D7C}.Release|x64.Build.0 = Release|Any CPU
		{ECAF5833-7D4B-4171-9C38-4EEB6CE16D7C}.Release|x86.ActiveCfg = Release|Any CPU
		{ECAF5833-7D4B-4171-9C38-4EEB6CE16D7C}.Release|x86.Build.0 = Release|Any CPU
		{E587682B-E843-44CC-ACDB-DBBE674E1A7C}.Debug|Any CPU.ActiveCfg = Debug|Any CPU
		{E587682B-E843-44CC-ACDB-DBBE674E1A7C}.Debug|Any CPU.Build.0 = Debug|Any CPU
		{E587682B-E843-44CC-ACDB-DBBE674E1A7C}.Debug|x64.ActiveCfg = Debug|Any CPU
		{E587682B-E843-44CC-ACDB-DBBE674E1A7C}.Debug|x64.Build.0 = Debug|Any CPU
		{E587682B-E843-44CC-ACDB-DBBE674E1A7C}.Debug|x86.ActiveCfg = Debug|Any CPU
		{E587682B-E843-44CC-ACDB-DBBE674E1A7C}.Debug|x86.Build.0 = Debug|Any CPU
		{E587682B-E843-44CC-ACDB-DBBE674E1A7C}.Release|Any CPU.ActiveCfg = Release|Any CPU
		{E587682B-E843-44CC-ACDB-DBBE674E1A7C}.Release|Any CPU.Build.0 = Release|Any CPU
		{E587682B-E843-44CC-ACDB-DBBE674E1A7C}.Release|x64.ActiveCfg = Release|Any CPU
		{E587682B-E843-44CC-ACDB-DBBE674E1A7C}.Release|x64.Build.0 = Release|Any CPU
		{E587682B-E843-44CC-ACDB-DBBE674E1A7C}.Release|x86.ActiveCfg = Release|Any CPU
		{E587682B-E843-44CC-ACDB-DBBE674E1A7C}.Release|x86.Build.0 = Release|Any CPU
	EndGlobalSection
	GlobalSection(NestedProjects) = preSolution
		{6415E0C2-CA93-4665-8715-2029B66CCD10} = {4CFC7DCC-2AE4-4F8A-8A6F-292098226184}
		{52553417-5F71-45C0-B766-387D21DC5D23} = {4CFC7DCC-2AE4-4F8A-8A6F-292098226184}
		{7EA01E66-8BF3-4E7F-9A7D-EA680B193A75} = {4CFC7DCC-2AE4-4F8A-8A6F-292098226184}
		{ECAF5833-7D4B-4171-9C38-4EEB6CE16D7C} = {4CFC7DCC-2AE4-4F8A-8A6F-292098226184}
		{E587682B-E843-44CC-ACDB-DBBE674E1A7C} = {4CFC7DCC-2AE4-4F8A-8A6F-292098226184}
	EndGlobalSection
EndGlobal
